
Microsoft Visual Studio Solution File, Format Version 12.00
# Visual Studio Version 17
VisualStudioVersion = 17.0.32014.148
MinimumVisualStudioVersion = 10.0.40219.1
Project("{FAE04EC0-301F-11D3-BF4B-00C04F79EFBC}") = "assignment04", "assignment04.csproj", "{42F2DB62-0A08-4141-A7FF-838A59307741}"
EndProject
Global
	GlobalSection(SolutionConfigurationPlatforms) = preSolution
		Debug|Any CPU = Debug|Any CPU
		Release|Any CPU = Release|Any CPU
	EndGlobalSection
	GlobalSection(ProjectConfigurationPlatforms) = postSolution
		{42F2DB62-0A08-4141-A7FF-838A59307741}.Debug|Any CPU.ActiveCfg = Debug|Any CPU
		{42F2DB62-0A08-4141-A7FF-838A59307741}.Debug|Any CPU.Build.0 = Debug|Any CPU
		{42F2DB62-0A08-4141-A7FF-838A59307741}.Release|Any CPU.ActiveCfg = Release|Any CPU
		{42F2DB62-0A08-4141-A7FF-838A59307741}.Release|Any CPU.Build.0 = Release|Any CPU
	EndGlobalSection
	GlobalSection(SolutionProperties) = preSolution
		HideSolutionNode = FALSE
	EndGlobalSection
	GlobalSection(ExtensibilityGlobals) = postSolution
		SolutionGuid = {BD158EBC-D415-44B5-A8AD-2C39ACE27E7F}
	EndGlobalSection
EndGlobal
